# THIS IS AN AUTOGENERATED FILE. DO NOT EDIT THIS FILE DIRECTLY.
# yarn lockfile v1


coingecko-api@^1.0.10:
  version "1.0.10"
  resolved "https://registry.yarnpkg.com/coingecko-api/-/coingecko-api-1.0.10.tgz#ac8694d5999f00727fe55f0078ce2917603076b2"
  integrity sha512-7YLLC85+daxAw5QlBWoHVBVpJRwoPr4HtwanCr8V/WRjoyHTa1Lb9DQAvv4MDJZHiz4no6HGnDQnddtjV35oRA==

dotenv@^16.0.0:
  version "16.0.0"
  resolved "https://registry.yarnpkg.com/dotenv/-/dotenv-16.0.0.tgz#c619001253be89ebb638d027b609c75c26e47411"
  integrity sha512-qD9WU0MPM4SWLPJy/r2Be+2WgQj8plChsyrCNQzW/0WjvcJQiKQJ9mH3ZgB3fxbUUxgc/11ZJ0Fi5KiimWGz2Q==

nodemailer@^6.7.5:
  version "6.7.5"
  resolved "https://registry.yarnpkg.com/nodemailer/-/nodemailer-6.7.5.tgz#b30b1566f5fa2249f7bd49ced4c58bec6b25915e"
  integrity sha512-6VtMpwhsrixq1HDYSBBHvW0GwiWawE75dS3oal48VqRhUvKJNnKnJo2RI/bCVQubj1vgrgscMNW4DHaD6xtMCg==
